Microsoft Visual Studio Solution File, Format Version 8.00
Project("{8BC9CEB8-8B4A-11D0-8D11-00A0C91BC942}") = "bmai", "bmai.vcproj", "{4B68CFEC-BB97-4425-A791-D8EFFDF8FE52}"
	ProjectSection(ProjectDependencies) = postProject
	EndProjectSection
EndProject
Global
	GlobalSection(SolutionConfiguration) = preSolution
		Debug = Debug
		Release = Release
		VTune = VTune
	EndGlobalSection
	GlobalSection(ProjectConfiguration) = postSolution
		{4B68CFEC-BB97-4425-A791-D8EFFDF8FE52}.Debug.ActiveCfg = Debug|Win32
		{4B68CFEC-BB97-4425-A791-D8EFFDF8FE52}.Debug.Build.0 = Debug|Win32
		{4B68CFEC-BB97-4425-A791-D8EFFDF8FE52}.Release.ActiveCfg = Release|Win32
		{4B68CFEC-BB97-4425-A791-D8EFFDF8FE52}.Release.Build.0 = Release|Win32
		{4B68CFEC-BB97-4425-A791-D8EFFDF8FE52}.VTune.ActiveCfg = VTune|Win32
		{4B68CFEC-BB97-4425-A791-D8EFFDF8FE52}.VTune.Build.0 = VTune|Win32
	EndGlobalSection
	GlobalSection(ExtensibilityGlobals) = postSolution
	EndGlobalSection
	GlobalSection(ExtensibilityAddIns) = postSolution
	EndGlobalSection
EndGlobal
